PODS:
  - AFNetworking (2.7.0):
    - AFNetworking/NSURLConnection (= 2.7.0)
    - AFNetworking/NSURLSession (= 2.7.0)
    - AFNetworking/Reachability (= 2.7.0)
    - AFNetworking/Security (= 2.7.0)
    - AFNetworking/Serialization (= 2.7.0)
    - AFNetworking/UIKit (= 2.7.0)
  - AFNetworking/NSURLConnection (2.7.0):
    - AFNetworking/Reachability
    - AFNetworking/Security
    - AFNetworking/Serialization
  - AFNetworking/NSURLSession (2.7.0):
    - AFNetworking/Reachability
    - AFNetworking/Security
    - AFNetworking/Serialization
  - AFNetworking/Reachability (2.7.0)
  - AFNetworking/Security (2.7.0)
  - AFNetworking/Serialization (2.7.0)
  - AFNetworking/UIKit (2.7.0):
    - AFNetworking/NSURLConnection
    - AFNetworking/NSURLSession
  - Alamofire (4.9.1)
  - AlamofireNetworkActivityIndicator (2.4.0):
    - Alamofire (~> 4.8)
  - AlamofireObjectMapper (5.2.1):
    - Alamofire (~> 4.7)
    - ObjectMapper (~> 3.4)
  - FLKAutoLayout (0.2.1)
  - ObjectMapper (3.5.3)
  - ORStackView (3.0.1):
    - FLKAutoLayout (~> 0.2)
  - SwiftyJSON (2.4.0)

DEPENDENCIES:
  - AFNetworking (~> 2.6)
  - Alamofire (~> 4.7)
  - AlamofireNetworkActivityIndicator
  - AlamofireObjectMapper (~> 5.2)
  - ORStackView (~> 3.0)
  - SwiftyJSON (~> 2.3)

SPEC REPOS:
  trunk:
    - AFNetworking
    - Alamofire
    - AlamofireNetworkActivityIndicator
    - AlamofireObjectMapper
    - FLKAutoLayout
    - ObjectMapper
    - ORStackView
    - SwiftyJSON

SPEC CHECKSUMS:
  AFNetworking: 8dd5f9b9691e09186393069a12cc3b5ed7c8b511
  Alamofire: 85e8a02c69d6020a0d734f6054870d7ecb75cf18
  AlamofireNetworkActivityIndicator: 9acc3de3ca6645bf0efed462396b0df13dd3e7b8
  AlamofireObjectMapper: 1989f690e982b71921b9253f53a4f33a9bc00d88
  FLKAutoLayout: 9db6b30c2008d230da608e62c607b11c23b942e6
  ObjectMapper: 97111c97e054a6ee25917662106689f0b4127b37
  ORStackView: a1bb52748cd0ae29891c140baf22ff8972fb363c
  SwiftyJSON: 96918c1bf505efa50c4f72957018dd3452090c9c

PODFILE CHECKSUM: 97f7460c21f92dd012f38346d38cd7b22eb0d1e7

COCOAPODS: 1.8.4
